{"filter":false,"title":"Gemfile.lock","tooltip":"/bookers2-debag/Gemfile.lock","undoManager":{"mark":-1,"position":-1,"stack":[]},"ace":{"folds":[],"scrolltop":0,"scrollleft":0,"selection":{"start":{"row":0,"column":0},"end":{"row":0,"column":0},"isBackwards":false},"options":{"guessTabSize":true,"useWrapMode":false,"wrapToView":true},"firstLineState":0},"timestamp":1667732018926,"hash":"6a2953864348987f410304e7b0c7e04b133718e3"}