{"filter":false,"title":"Gemfile.lock","tooltip":"/nannou_mikan/Gemfile.lock","undoManager":{"mark":0,"position":0,"stack":[[{"start":{"row":129,"column":5},"end":{"row":133,"column":5},"action":"insert","lines":["et-protocol (0.2.1)","      timeout","    net-smtp (0.3.3)","      net-protocol","    n"],"id":2},{"start":{"row":213,"column":5},"end":{"row":214,"column":5},"action":"insert","lines":["imeout (0.3.1)","    t"]},{"start":{"row":255,"column":17},"end":{"row":256,"column":10},"action":"insert","lines":["","  net-smtp"]}]]},"ace":{"folds":[],"scrolltop":2614.5000000000073,"scrollleft":0,"selection":{"start":{"row":0,"column":0},"end":{"row":0,"column":0},"isBackwards":false},"options":{"guessTabSize":true,"useWrapMode":false,"wrapToView":true},"firstLineState":{"row":173,"state":"start","mode":"ace/mode/text"}},"timestamp":1670835529172,"hash":"c93b5431b2fcb7581a94e00d66a91df9eb329d67"}